
Microsoft Visual Studio Solution File, Format Version 12.00
# Visual Studio Version 17
VisualStudioVersion = 17.10.34707.107
MinimumVisualStudioVersion = 10.0.40219.1
Project("{FAE04EC0-301F-11D3-BF4B-00C04F79EFBC}") = "Cikkek_DB", "Cikkek_DB\Cikkek_DB.csproj", "{B8B62ECB-059F-4DEC-983F-893FF5AF2035}"
EndProject
Global
	GlobalSection(SolutionConfigurationPlatforms) = preSolution
		Debug|Any CPU = Debug|Any CPU
		Release|Any CPU = Release|Any CPU
	EndGlobalSection
	GlobalSection(ProjectConfigurationPlatforms) = postSolution
		{B8B62ECB-059F-4DEC-983F-893FF5AF2035}.Debug|Any CPU.ActiveCfg = Debug|Any CPU
		{B8B62ECB-059F-4DEC-983F-893FF5AF2035}.Debug|Any CPU.Build.0 = Debug|Any CPU
		{B8B62ECB-059F-4DEC-983F-893FF5AF2035}.Release|Any CPU.ActiveCfg = Release|Any CPU
		{B8B62ECB-059F-4DEC-983F-893FF5AF2035}.Release|Any CPU.Build.0 = Release|Any CPU
	EndGlobalSection
	GlobalSection(SolutionProperties) = preSolution
		HideSolutionNode = FALSE
	EndGlobalSection
	GlobalSection(ExtensibilityGlobals) = postSolution
		SolutionGuid = {CEA28115-4960-45F6-A833-978FA15E93E0}
	EndGlobalSection
EndGlobal
